
Microsoft Visual Studio Solution File, Format Version 12.00
# Visual Studio Version 16
VisualStudioVersion = 16.0.30225.117
MinimumVisualStudioVersion = 10.0.40219.1
Project("{9A19103F-16F7-4668-BE54-9A1E7A4F7556}") = "WebStore", "WebStore\WebStore.csproj", "{4A97D2C2-E113-44C8-903A-02ED71C6949E}"
EndProject
Project("{FAE04EC0-301F-11D3-BF4B-00C04F79EFBC}") = "WebStore.Domain", "WebStore.Domain\WebStore.Domain.csproj", "{CDB20CD7-E0E6-4C62-BD22-634F59C52457}"
EndProject
Global
	GlobalSection(SolutionConfigurationPlatforms) = preSolution
		Debug|Any CPU = Debug|Any CPU
		Release|Any CPU = Release|Any CPU
	EndGlobalSection
	GlobalSection(ProjectConfigurationPlatforms) = postSolution
		{4A97D2C2-E113-44C8-903A-02ED71C6949E}.Debug|Any CPU.ActiveCfg = Debug|Any CPU
		{4A97D2C2-E113-44C8-903A-02ED71C6949E}.Debug|Any CPU.Build.0 = Debug|Any CPU
		{4A97D2C2-E113-44C8-903A-02ED71C6949E}.Release|Any CPU.ActiveCfg = Release|Any CPU
		{4A97D2C2-E113-44C8-903A-02ED71C6949E}.Release|Any CPU.Build.0 = Release|Any CPU
		{CDB20CD7-E0E6-4C62-BD22-634F59C52457}.Debug|Any CPU.ActiveCfg = Debug|Any CPU
		{CDB20CD7-E0E6-4C62-BD22-634F59C52457}.Debug|Any CPU.Build.0 = Debug|Any CPU
		{CDB20CD7-E0E6-4C62-BD22-634F59C52457}.Release|Any CPU.ActiveCfg = Release|Any CPU
		{CDB20CD7-E0E6-4C62-BD22-634F59C52457}.Release|Any CPU.Build.0 = Release|Any CPU
	EndGlobalSection
	GlobalSection(SolutionProperties) = preSolution
		HideSolutionNode = FALSE
	EndGlobalSection
	GlobalSection(ExtensibilityGlobals) = postSolution
		SolutionGuid = {E623C376-CC4C-4968-AB05-367DC42B058A}
	EndGlobalSection
EndGlobal
